
Microsoft Visual Studio Solution File, Format Version 12.00
# Visual Studio Version 17
VisualStudioVersion = 17.14.36717.8 d17.14
MinimumVisualStudioVersion = 10.0.40219.1
Project("{FAE04EC0-301F-11D3-BF4B-00C04F79EFBC}") = "Homework1", "Homework1\Homework1.csproj", "{8774BFEA-7084-42A0-8866-3A93C3634C34}"
EndProject
Global
	GlobalSection(SolutionConfigurationPlatforms) = preSolution
		Debug|Any CPU = Debug|Any CPU
		Release|Any CPU = Release|Any CPU
	EndGlobalSection
	GlobalSection(ProjectConfigurationPlatforms) = postSolution
		{8774BFEA-7084-42A0-8866-3A93C3634C34}.Debug|Any CPU.ActiveCfg = Debug|Any CPU
		{8774BFEA-7084-42A0-8866-3A93C3634C34}.Debug|Any CPU.Build.0 = Debug|Any CPU
		{8774BFEA-7084-42A0-8866-3A93C3634C34}.Release|Any CPU.ActiveCfg = Release|Any CPU
		{8774BFEA-7084-42A0-8866-3A93C3634C34}.Release|Any CPU.Build.0 = Release|Any CPU
	EndGlobalSection
	GlobalSection(SolutionProperties) = preSolution
		HideSolutionNode = FALSE
	EndGlobalSection
	GlobalSection(ExtensibilityGlobals) = postSolution
		SolutionGuid = {3BBD2064-53BD-46AC-847B-126CC6DA6E4E}
	EndGlobalSection
EndGlobal
