
Microsoft Visual Studio Solution File, Format Version 12.00
# Visual Studio Version 17
VisualStudioVersion = 17.14.36518.9 d17.14
MinimumVisualStudioVersion = 10.0.40219.1
Project("{FAE04EC0-301F-11D3-BF4B-00C04F79EFBC}") = "tutisani_midterm", "tutisani_midterm\tutisani_midterm.csproj", "{2BB948AE-FB48-4E53-B40B-2F3772B8FB4B}"
EndProject
Global
	GlobalSection(SolutionConfigurationPlatforms) = preSolution
		Debug|Any CPU = Debug|Any CPU
		Release|Any CPU = Release|Any CPU
	EndGlobalSection
	GlobalSection(ProjectConfigurationPlatforms) = postSolution
		{2BB948AE-FB48-4E53-B40B-2F3772B8FB4B}.Debug|Any CPU.ActiveCfg = Debug|Any CPU
		{2BB948AE-FB48-4E53-B40B-2F3772B8FB4B}.Debug|Any CPU.Build.0 = Debug|Any CPU
		{2BB948AE-FB48-4E53-B40B-2F3772B8FB4B}.Release|Any CPU.ActiveCfg = Release|Any CPU
		{2BB948AE-FB48-4E53-B40B-2F3772B8FB4B}.Release|Any CPU.Build.0 = Release|Any CPU
	EndGlobalSection
	GlobalSection(SolutionProperties) = preSolution
		HideSolutionNode = FALSE
	EndGlobalSection
	GlobalSection(ExtensibilityGlobals) = postSolution
		SolutionGuid = {87D6278B-A73B-4250-9F5C-0611F0749205}
	EndGlobalSection
EndGlobal
